// !$*UTF8*$!
{
	archiveVersion = 1;
	classes = {
	};
	objectVersion = 56;
	objects = {

/* Begin PBXBuildFile section */
		F8030A232C29B61600CAA47F /* ClipApp.swift in Sources */ = {isa = PBXBuildFile; fileRef = F8030A222C29B61600CAA47F /* ClipApp.swift */; };
		F8030A252C29B61600CAA47F /* ContentView.swift in Sources */ = {isa = PBXBuildFile; fileRef = F8030A242C29B61600CAA47F /* ContentView.swift */; };
		F8030A272C29B61700CAA47F /* Assets.xcassets in Resources */ = {isa = PBXBuildFile; fileRef = F8030A262C29B61700CAA47F /* Assets.xcassets */; };
		F8030A2A2C29B61700CAA47F /* Preview Assets.xcassets in Resources */ = {isa = PBXBuildFile; fileRef = F8030A292C29B61700CAA47F /* Preview Assets.xcassets */; };
		F8030A332C29B8A500CAA47F /* Window.swift in Sources */ = {isa = PBXBuildFile; fileRef = F8030A322C29B8A500CAA47F /* Window.swift */; };
		F8030A352C29C05F00CAA47F /* AppDelegate.swift in Sources */ = {isa = PBXBuildFile; fileRef = F8030A342C29C05F00CAA47F /* AppDelegate.swift */; };
		F8030A3D2C29E02B00CAA47F /* HotKey in Frameworks */ = {isa = PBXBuildFile; productRef = F8030A3C2C29E02B00CAA47F /* HotKey */; };
		F8C423F92C2AEF010090FFF7 /* ClipboardManager.swift in Sources */ = {isa = PBXBuildFile; fileRef = F8C423F82C2AEF010090FFF7 /* ClipboardManager.swift */; };
		F8C423FF2C2AFFB30090FFF7 /* WindowManager.swift in Sources */ = {isa = PBXBuildFile; fileRef = F8C423FE2C2AFFB30090FFF7 /* WindowManager.swift */; };
		F8C424012C2B39090090FFF7 /* Constants.swift in Sources */ = {isa = PBXBuildFile; fileRef = F8C424002C2B39090090FFF7 /* Constants.swift */; };
/* End PBXBuildFile section */

/* Begin PBXFileReference section */
		F8030A1F2C29B61600CAA47F /* Clip.app */ = {isa = PBXFileReference; explicitFileType = wrapper.application; includeInIndex = 0; path = Clip.app; sourceTree = BUILT_PRODUCTS_DIR; };
		F8030A222C29B61600CAA47F /* ClipApp.swift */ = {isa = PBXFileReference; lastKnownFileType = sourcecode.swift; path = ClipApp.swift; sourceTree = "<group>"; };
		F8030A242C29B61600CAA47F /* ContentView.swift */ = {isa = PBXFileReference; lastKnownFileType = sourcecode.swift; path = ContentView.swift; sourceTree = "<group>"; };
		F8030A262C29B61700CAA47F /* Assets.xcassets */ = {isa = PBXFileReference; lastKnownFileType = folder.assetcatalog; path = Assets.xcassets; sourceTree = "<group>"; };
		F8030A292C29B61700CAA47F /* Preview Assets.xcassets */ = {isa = PBXFileReference; lastKnownFileType = folder.assetcatalog; path = "Preview Assets.xcassets"; sourceTree = "<group>"; };
		F8030A2B2C29B61700CAA47F /* Clip.entitlements */ = {isa = PBXFileReference; lastKnownFileType = text.plist.entitlements; path = Clip.entitlements; sourceTree = "<group>"; };
		F8030A312C29B6D700CAA47F /* Info.plist */ = {isa = PBXFileReference; lastKnownFileType = text.plist; path = Info.plist; sourceTree = "<group>"; };
		F8030A322C29B8A500CAA47F /* Window.swift */ = {isa = PBXFileReference; lastKnownFileType = sourcecode.swift; path = Window.swift; sourceTree = "<group>"; };
		F8030A342C29C05F00CAA47F /* AppDelegate.swift */ = {isa = PBXFileReference; lastKnownFileType = sourcecode.swift; path = AppDelegate.swift; sourceTree = "<group>"; };
		F8C423F82C2AEF010090FFF7 /* ClipboardManager.swift */ = {isa = PBXFileReference; lastKnownFileType = sourcecode.swift; path = ClipboardManager.swift; sourceTree = "<group>"; };
		F8C423FE2C2AFFB30090FFF7 /* WindowManager.swift */ = {isa = PBXFileReference; lastKnownFileType = sourcecode.swift; path = WindowManager.swift; sourceTree = "<group>"; };
		F8C424002C2B39090090FFF7 /* Constants.swift */ = {isa = PBXFileReference; lastKnownFileType = sourcecode.swift; path = Constants.swift; sourceTree = "<group>"; };
/* End PBXFileReference section */

/* Begin PBXFrameworksBuildPhase section */
		F8030A1C2C29B61600CAA47F /* Frameworks */ = {
			isa = PBXFrameworksBuildPhase;
			buildActionMask = 2147483647;
			files = (
				F8030A3D2C29E02B00CAA47F /* HotKey in Frameworks */,
			);
			runOnlyForDeploymentPostprocessing = 0;
		};
/* End PBXFrameworksBuildPhase section */

/* Begin PBXGroup section */
		F8030A162C29B61600CAA47F = {
			isa = PBXGroup;
			children = (
				F8030A212C29B61600CAA47F /* Clip */,
				F8030A202C29B61600CAA47F /* Products */,
			);
			sourceTree = "<group>";
		};
		F8030A202C29B61600CAA47F /* Products */ = {
			isa = PBXGroup;
			children = (
				F8030A1F2C29B61600CAA47F /* Clip.app */,
			);
			name = Products;
			sourceTree = "<group>";
		};
		F8030A212C29B61600CAA47F /* Clip */ = {
			isa = PBXGroup;
			children = (
				F8C423FD2C2AFF9A0090FFF7 /* Managers */,
				F8C423FC2C2AFF7C0090FFF7 /* Views */,
				F8030A342C29C05F00CAA47F /* AppDelegate.swift */,
				F8030A312C29B6D700CAA47F /* Info.plist */,
				F8030A222C29B61600CAA47F /* ClipApp.swift */,
				F8030A262C29B61700CAA47F /* Assets.xcassets */,
				F8030A2B2C29B61700CAA47F /* Clip.entitlements */,
				F8030A282C29B61700CAA47F /* Preview Content */,
				F8C424002C2B39090090FFF7 /* Constants.swift */,
			);
			path = Clip;
			sourceTree = "<group>";
		};
		F8030A282C29B61700CAA47F /* Preview Content */ = {
			isa = PBXGroup;
			children = (
				F8030A292C29B61700CAA47F /* Preview Assets.xcassets */,
			);
			path = "Preview Content";
			sourceTree = "<group>";
		};
		F8C423FC2C2AFF7C0090FFF7 /* Views */ = {
			isa = PBXGroup;
			children = (
				F8030A242C29B61600CAA47F /* ContentView.swift */,
				F8030A322C29B8A500CAA47F /* Window.swift */,
			);
			path = Views;
			sourceTree = "<group>";
		};
		F8C423FD2C2AFF9A0090FFF7 /* Managers */ = {
			isa = PBXGroup;
			children = (
				F8C423F82C2AEF010090FFF7 /* ClipboardManager.swift */,
				F8C423FE2C2AFFB30090FFF7 /* WindowManager.swift */,
			);
			path = Managers;
			sourceTree = "<group>";
		};
/* End PBXGroup section */

/* Begin PBXNativeTarget section */
		F8030A1E2C29B61600CAA47F /* Clip */ = {
			isa = PBXNativeTarget;
			buildConfigurationList = F8030A2E2C29B61700CAA47F /* Build configuration list for PBXNativeTarget "Clip" */;
			buildPhases = (
				F8030A1B2C29B61600CAA47F /* Sources */,
				F8030A1C2C29B61600CAA47F /* Frameworks */,
				F8030A1D2C29B61600CAA47F /* Resources */,
			);
			buildRules = (
			);
			dependencies = (
			);
			name = Clip;
			packageProductDependencies = (
				F8030A3C2C29E02B00CAA47F /* HotKey */,
			);
			productName = Clip;
			productReference = F8030A1F2C29B61600CAA47F /* Clip.app */;
			productType = "com.apple.product-type.application";
		};
/* End PBXNativeTarget section */

/* Begin PBXProject section */
		F8030A172C29B61600CAA47F /* Project object */ = {
			isa = PBXProject;
			attributes = {
				BuildIndependentTargetsInParallel = 1;
				LastSwiftUpdateCheck = 1540;
				LastUpgradeCheck = 1540;
				TargetAttributes = {
					F8030A1E2C29B61600CAA47F = {
						CreatedOnToolsVersion = 15.4;
					};
				};
			};
			buildConfigurationList = F8030A1A2C29B61600CAA47F /* Build configuration list for PBXProject "Clip" */;
			compatibilityVersion = "Xcode 14.0";
			developmentRegion = en;
			hasScannedForEncodings = 0;
			knownRegions = (
				en,
				Base,
			);
			mainGroup = F8030A162C29B61600CAA47F;
			packageReferences = (
				F8030A382C29DB8700CAA47F /* XCRemoteSwiftPackageReference "KeyboardShortcuts" */,
				F8030A3B2C29E02B00CAA47F /* XCRemoteSwiftPackageReference "HotKey" */,
			);
			productRefGroup = F8030A202C29B61600CAA47F /* Products */;
			projectDirPath = "";
			projectRoot = "";
			targets = (
				F8030A1E2C29B61600CAA47F /* Clip */,
			);
		};
/* End PBXProject section */

/* Begin PBXResourcesBuildPhase section */
		F8030A1D2C29B61600CAA47F /* Resources */ = {
			isa = PBXResourcesBuildPhase;
			buildActionMask = 2147483647;
			files = (
				F8030A2A2C29B61700CAA47F /* Preview Assets.xcassets in Resources */,
				F8030A272C29B61700CAA47F /* Assets.xcassets in Resources */,
			);
			runOnlyForDeploymentPostprocessing = 0;
		};
/* End PBXResourcesBuildPhase section */

/* Begin PBXSourcesBuildPhase section */
		F8030A1B2C29B61600CAA47F /* Sources */ = {
			isa = PBXSourcesBuildPhase;
			buildActionMask = 2147483647;
			files = (
				F8C423F92C2AEF010090FFF7 /* ClipboardManager.swift in Sources */,
				F8030A352C29C05F00CAA47F /* AppDelegate.swift in Sources */,
				F8C423FF2C2AFFB30090FFF7 /* WindowManager.swift in Sources */,
				F8030A252C29B61600CAA47F /* ContentView.swift in Sources */,
				F8030A232C29B61600CAA47F /* ClipApp.swift in Sources */,
				F8030A332C29B8A500CAA47F /* Window.swift in Sources */,
				F8C424012C2B39090090FFF7 /* Constants.swift in Sources */,
			);
			runOnlyForDeploymentPostprocessing = 0;
		};
/* End PBXSourcesBuildPhase section */

/* Begin XCBuildConfiguration section */
		F8030A2C2C29B61700CAA47F /* Debug */ = {
			isa = XCBuildConfiguration;
			buildSettings = {
				ALWAYS_SEARCH_USER_PATHS = NO;
				ASSETCATALOG_COMPILER_GENERATE_SWIFT_ASSET_SYMBOL_EXTENSIONS = YES;
				CLANG_ANALYZER_NONNULL = YES;
				CLANG_ANALYZER_NUMBER_OBJECT_CONVERSION = YES_AGGRESSIVE;
				CLANG_CXX_LANGUAGE_STANDARD = "gnu++20";
				CLANG_ENABLE_MODULES = YES;
				CLANG_ENABLE_OBJC_ARC = YES;
				CLANG_ENABLE_OBJC_WEAK = YES;
				CLANG_WARN_BLOCK_CAPTURE_AUTORELEASING = YES;
				CLANG_WARN_BOOL_CONVERSION = YES;
				CLANG_WARN_COMMA = YES;
				CLANG_WARN_CONSTANT_CONVERSION = YES;
				CLANG_WARN_DEPRECATED_OBJC_IMPLEMENTATIONS = YES;
				CLANG_WARN_DIRECT_OBJC_ISA_USAGE = YES_ERROR;
				CLANG_WARN_DOCUMENTATION_COMMENTS = YES;
				CLANG_WARN_EMPTY_BODY = YES;
				CLANG_WARN_ENUM_CONVERSION = YES;
				CLANG_WARN_INFINITE_RECURSION = YES;
				CLANG_WARN_INT_CONVERSION = YES;
				CLANG_WARN_NON_LITERAL_NULL_CONVERSION = YES;
				CLANG_WARN_OBJC_IMPLICIT_RETAIN_SELF = YES;
				CLANG_WARN_OBJC_LITERAL_CONVERSION = YES;
				CLANG_WARN_OBJC_ROOT_CLASS = YES_ERROR;
				CLANG_WARN_QUOTED_INCLUDE_IN_FRAMEWORK_HEADER = YES;
				CLANG_WARN_RANGE_LOOP_ANALYSIS = YES;
				CLANG_WARN_STRICT_PROTOTYPES = YES;
				CLANG_WARN_SUSPICIOUS_MOVE = YES;
				CLANG_WARN_UNGUARDED_AVAILABILITY = YES_AGGRESSIVE;
				CLANG_WARN_UNREACHABLE_CODE = YES;
				CLANG_WARN__DUPLICATE_METHOD_MATCH = YES;
				COPY_PHASE_STRIP = NO;
				DEBUG_INFORMATION_FORMAT = dwarf;
				ENABLE_STRICT_OBJC_MSGSEND = YES;
				ENABLE_TESTABILITY = YES;
				ENABLE_USER_SCRIPT_SANDBOXING = YES;
				GCC_C_LANGUAGE_STANDARD = gnu17;
				GCC_DYNAMIC_NO_PIC = NO;
				GCC_NO_COMMON_BLOCKS = YES;
				GCC_OPTIMIZATION_LEVEL = 0;
				GCC_PREPROCESSOR_DEFINITIONS = (
					"DEBUG=1",
					"$(inherited)",
				);
				GCC_WARN_64_TO_32_BIT_CONVERSION = YES;
				GCC_WARN_ABOUT_RETURN_TYPE = YES_ERROR;
				GCC_WARN_UNDECLARED_SELECTOR = YES;
				GCC_WARN_UNINITIALIZED_AUTOS = YES_AGGRESSIVE;
				GCC_WARN_UNUSED_FUNCTION = YES;
				GCC_WARN_UNUSED_VARIABLE = YES;
				LOCALIZATION_PREFERS_STRING_CATALOGS = YES;
				MACOSX_DEPLOYMENT_TARGET = 14.4;
				MTL_ENABLE_DEBUG_INFO = INCLUDE_SOURCE;
				MTL_FAST_MATH = YES;
				ONLY_ACTIVE_ARCH = YES;
				SDKROOT = macosx;
				SWIFT_ACTIVE_COMPILATION_CONDITIONS = "DEBUG $(inherited)";
				SWIFT_OPTIMIZATION_LEVEL = "-Onone";
			};
			name = Debug;
		};
		F8030A2D2C29B61700CAA47F /* Release */ = {
			isa = XCBuildConfiguration;
			buildSettings = {
				ALWAYS_SEARCH_USER_PATHS = NO;
				ASSETCATALOG_COMPILER_GENERATE_SWIFT_ASSET_SYMBOL_EXTENSIONS = YES;
				CLANG_ANALYZER_NONNULL = YES;
				CLANG_ANALYZER_NUMBER_OBJECT_CONVERSION = YES_AGGRESSIVE;
				CLANG_CXX_LANGUAGE_STANDARD = "gnu++20";
				CLANG_ENABLE_MODULES = YES;
				CLANG_ENABLE_OBJC_ARC = YES;
				CLANG_ENABLE_OBJC_WEAK = YES;
				CLANG_WARN_BLOCK_CAPTURE_AUTORELEASING = YES;
				CLANG_WARN_BOOL_CONVERSION = YES;
				CLANG_WARN_COMMA = YES;
				CLANG_WARN_CONSTANT_CONVERSION = YES;
				CLANG_WARN_DEPRECATED_OBJC_IMPLEMENTATIONS = YES;
				CLANG_WARN_DIRECT_OBJC_ISA_USAGE = YES_ERROR;
				CLANG_WARN_DOCUMENTATION_COMMENTS = YES;
				CLANG_WARN_EMPTY_BODY = YES;
				CLANG_WARN_ENUM_CONVERSION = YES;
				CLANG_WARN_INFINITE_RECURSION = YES;
				CLANG_WARN_INT_CONVERSION = YES;
				CLANG_WARN_NON_LITERAL_NULL_CONVERSION = YES;
				CLANG_WARN_OBJC_IMPLICIT_RETAIN_SELF = YES;
				CLANG_WARN_OBJC_LITERAL_CONVERSION = YES;
				CLANG_WARN_OBJC_ROOT_CLASS = YES_ERROR;
				CLANG_WARN_QUOTED_INCLUDE_IN_FRAMEWORK_HEADER = YES;
				CLANG_WARN_RANGE_LOOP_ANALYSIS = YES;
				CLANG_WARN_STRICT_PROTOTYPES = YES;
				CLANG_WARN_SUSPICIOUS_MOVE = YES;
				CLANG_WARN_UNGUARDED_AVAILABILITY = YES_AGGRESSIVE;
				CLANG_WARN_UNREACHABLE_CODE = YES;
				CLANG_WARN__DUPLICATE_METHOD_MATCH = YES;
				COPY_PHASE_STRIP = NO;
				DEBUG_INFORMATION_FORMAT = "dwarf-with-dsym";
				ENABLE_NS_ASSERTIONS = NO;
				ENABLE_STRICT_OBJC_MSGSEND = YES;
				ENABLE_USER_SCRIPT_SANDBOXING = YES;
				GCC_C_LANGUAGE_STANDARD = gnu17;
				GCC_NO_COMMON_BLOCKS = YES;
				GCC_WARN_64_TO_32_BIT_CONVERSION = YES;
				GCC_WARN_ABOUT_RETURN_TYPE = YES_ERROR;
				GCC_WARN_UNDECLARED_SELECTOR = YES;
				GCC_WARN_UNINITIALIZED_AUTOS = YES_AGGRESSIVE;
				GCC_WARN_UNUSED_FUNCTION = YES;
				GCC_WARN_UNUSED_VARIABLE = YES;
				LOCALIZATION_PREFERS_STRING_CATALOGS = YES;
				MACOSX_DEPLOYMENT_TARGET = 14.4;
				MTL_ENABLE_DEBUG_INFO = NO;
				MTL_FAST_MATH = YES;
				SDKROOT = macosx;
				SWIFT_COMPILATION_MODE = wholemodule;
			};
			name = Release;
		};
		F8030A2F2C29B61700CAA47F /* Debug */ = {
			isa = XCBuildConfiguration;
			buildSettings = {
				ASSETCATALOG_COMPILER_APPICON_NAME = AppIcon;
				ASSETCATALOG_COMPILER_GLOBAL_ACCENT_COLOR_NAME = AccentColor;
				CODE_SIGN_ENTITLEMENTS = Clip/Clip.entitlements;
				CODE_SIGN_STYLE = Automatic;
				COMBINE_HIDPI_IMAGES = YES;
				CURRENT_PROJECT_VERSION = 1;
				DEVELOPMENT_ASSET_PATHS = "\"Clip/Preview Content\"";
				DEVELOPMENT_TEAM = WL854GC3C9;
				ENABLE_HARDENED_RUNTIME = YES;
				ENABLE_PREVIEWS = YES;
				GENERATE_INFOPLIST_FILE = YES;
				INFOPLIST_FILE = Clip/Info.plist;
				INFOPLIST_KEY_LSUIElement = YES;
				INFOPLIST_KEY_NSHumanReadableCopyright = "";
				LD_RUNPATH_SEARCH_PATHS = (
					"$(inherited)",
					"@executable_path/../Frameworks",
				);
				MARKETING_VERSION = 1.0;
				PRODUCT_BUNDLE_IDENTIFIER = me.Clip;
				PRODUCT_NAME = "$(TARGET_NAME)";
				SWIFT_EMIT_LOC_STRINGS = YES;
				SWIFT_VERSION = 5.0;
			};
			name = Debug;
		};
		F8030A302C29B61700CAA47F /* Release */ = {
			isa = XCBuildConfiguration;
			buildSettings = {
				ASSETCATALOG_COMPILER_APPICON_NAME = AppIcon;
				ASSETCATALOG_COMPILER_GLOBAL_ACCENT_COLOR_NAME = AccentColor;
				CODE_SIGN_ENTITLEMENTS = Clip/Clip.entitlements;
				CODE_SIGN_STYLE = Automatic;
				COMBINE_HIDPI_IMAGES = YES;
				CURRENT_PROJECT_VERSION = 1;
				DEVELOPMENT_ASSET_PATHS = "\"Clip/Preview Content\"";
				DEVELOPMENT_TEAM = WL854GC3C9;
				ENABLE_HARDENED_RUNTIME = YES;
				ENABLE_PREVIEWS = YES;
				GENERATE_INFOPLIST_FILE = YES;
				INFOPLIST_FILE = Clip/Info.plist;
				INFOPLIST_KEY_LSUIElement = YES;
				INFOPLIST_KEY_NSHumanReadableCopyright = "";
				LD_RUNPATH_SEARCH_PATHS = (
					"$(inherited)",
					"@executable_path/../Frameworks",
				);
				MARKETING_VERSION = 1.0;
				PRODUCT_BUNDLE_IDENTIFIER = me.Clip;
				PRODUCT_NAME = "$(TARGET_NAME)";
				SWIFT_EMIT_LOC_STRINGS = YES;
				SWIFT_VERSION = 5.0;
			};
			name = Release;
		};
/* End XCBuildConfiguration section */

/* Begin XCConfigurationList section */
		F8030A1A2C29B61600CAA47F /* Build configuration list for PBXProject "Clip" */ = {
			isa = XCConfigurationList;
			buildConfigurations = (
				F8030A2C2C29B61700CAA47F /* Debug */,
				F8030A2D2C29B61700CAA47F /* Release */,
			);
			defaultConfigurationIsVisible = 0;
			defaultConfigurationName = Release;
		};
		F8030A2E2C29B61700CAA47F /* Build configuration list for PBXNativeTarget "Clip" */ = {
			isa = XCConfigurationList;
			buildConfigurations = (
				F8030A2F2C29B61700CAA47F /* Debug */,
				F8030A302C29B61700CAA47F /* Release */,
			);
			defaultConfigurationIsVisible = 0;
			defaultConfigurationName = Release;
		};
/* End XCConfigurationList section */

/* Begin XCRemoteSwiftPackageReference section */
		F8030A382C29DB8700CAA47F /* XCRemoteSwiftPackageReference "KeyboardShortcuts" */ = {
			isa = XCRemoteSwiftPackageReference;
			repositoryURL = "https://github.com/sindresorhus/KeyboardShortcuts";
			requirement = {
				kind = upToNextMajorVersion;
				minimumVersion = 2.0.1;
			};
		};
		F8030A3B2C29E02B00CAA47F /* XCRemoteSwiftPackageReference "HotKey" */ = {
			isa = XCRemoteSwiftPackageReference;
			repositoryURL = "https://github.com/soffes/HotKey";
			requirement = {
				branch = main;
				kind = branch;
			};
		};
/* End XCRemoteSwiftPackageReference section */

/* Begin XCSwiftPackageProductDependency section */
		F8030A3C2C29E02B00CAA47F /* HotKey */ = {
			isa = XCSwiftPackageProductDependency;
			package = F8030A3B2C29E02B00CAA47F /* XCRemoteSwiftPackageReference "HotKey" */;
			productName = HotKey;
		};
/* End XCSwiftPackageProductDependency section */
	};
	rootObject = F8030A172C29B61600CAA47F /* Project object */;
}
